// !$*UTF8*$!
{
	archiveVersion = 1;
	classes = {
	};
	objectVersion = 46;
	objects = {

/* Begin PBXBuildFile section */
		4838F2F0197FB8CA00D9B166 /* AppDelegate.swift in Sources */ = {isa = PBXBuildFile; fileRef = 4838F2EF197FB8CA00D9B166 /* AppDelegate.swift */; };
		4838F2F7197FB8CA00D9B166 /* Images.xcassets in Resources */ = {isa = PBXBuildFile; fileRef = 4838F2F6197FB8CA00D9B166 /* Images.xcassets */; };
		4838F303197FB8CA00D9B166 /* StopWatchGesturesDemoTests.swift in Sources */ = {isa = PBXBuildFile; fileRef = 4838F302197FB8CA00D9B166 /* StopWatchGesturesDemoTests.swift */; };
		4838F30F197FB91400D9B166 /* SWViewController.swift in Sources */ = {isa = PBXBuildFile; fileRef = 4838F30E197FB91400D9B166 /* SWViewController.swift */; };
		4838F311197FB93800D9B166 /* Main.storyboard in Resources */ = {isa = PBXBuildFile; fileRef = 4838F310197FB93800D9B166 /* Main.storyboard */; };
/* End PBXBuildFile section */

/* Begin PBXContainerItemProxy section */
		4838F2FD197FB8CA00D9B166 /* PBXContainerItemProxy */ = {
			isa = PBXContainerItemProxy;
			containerPortal = 4838F2E2197FB8CA00D9B166 /* Project object */;
			proxyType = 1;
			remoteGlobalIDString = 4838F2E9197FB8CA00D9B166;
			remoteInfo = StopWatchGesturesDemo;
		};
/* End PBXContainerItemProxy section */

/* Begin PBXFileReference section */
		4838F2EA197FB8CA00D9B166 /* StopWatchGesturesDemo.app */ = {isa = PBXFileReference; explicitFileType = wrapper.application; includeInIndex = 0; path = StopWatchGesturesDemo.app; sourceTree = BUILT_PRODUCTS_DIR; };
		4838F2EE197FB8CA00D9B166 /* Info.plist */ = {isa = PBXFileReference; lastKnownFileType = text.plist.xml; path = Info.plist; sourceTree = "<group>"; };
		4838F2EF197FB8CA00D9B166 /* AppDelegate.swift */ = {isa = PBXFileReference; lastKnownFileType = sourcecode.swift; path = AppDelegate.swift; sourceTree = "<group>"; };
		4838F2F6197FB8CA00D9B166 /* Images.xcassets */ = {isa = PBXFileReference; lastKnownFileType = folder.assetcatalog; path = Images.xcassets; sourceTree = "<group>"; };
		4838F2FC197FB8CA00D9B166 /* StopWatchGesturesDemoTests.xctest */ = {isa = PBXFileReference; explicitFileType = wrapper.cfbundle; includeInIndex = 0; path = StopWatchGesturesDemoTests.xctest; sourceTree = BUILT_PRODUCTS_DIR; };
		4838F301197FB8CA00D9B166 /* Info.plist */ = {isa = PBXFileReference; lastKnownFileType = text.plist.xml; path = Info.plist; sourceTree = "<group>"; };
		4838F302197FB8CA00D9B166 /* StopWatchGesturesDemoTests.swift */ = {isa = PBXFileReference; lastKnownFileType = sourcecode.swift; path = StopWatchGesturesDemoTests.swift; sourceTree = "<group>"; };
		4838F30E197FB91400D9B166 /* SWViewController.swift */ = {isa = PBXFileReference; fileEncoding = 4; lastKnownFileType = sourcecode.swift; path = SWViewController.swift; sourceTree = "<group>"; };
		4838F310197FB93800D9B166 /* Main.storyboard */ = {isa = PBXFileReference; fileEncoding = 4; lastKnownFileType = file.storyboard; name = Main.storyboard; path = ../Main.storyboard; sourceTree = "<group>"; };
/* End PBXFileReference section */

/* Begin PBXFrameworksBuildPhase section */
		4838F2E7197FB8CA00D9B166 /* Frameworks */ = {
			isa = PBXFrameworksBuildPhase;
			buildActionMask = 2147483647;
			files = (
			);
			runOnlyForDeploymentPostprocessing = 0;
		};
		4838F2F9197FB8CA00D9B166 /* Frameworks */ = {
			isa = PBXFrameworksBuildPhase;
			buildActionMask = 2147483647;
			files = (
			);
			runOnlyForDeploymentPostprocessing = 0;
		};
/* End PBXFrameworksBuildPhase section */

/* Begin PBXGroup section */
		4838F2E1197FB8CA00D9B166 = {
			isa = PBXGroup;
			children = (
				4838F2EC197FB8CA00D9B166 /* StopWatchGesturesDemo */,
				4838F2FF197FB8CA00D9B166 /* StopWatchGesturesDemoTests */,
				4838F2EB197FB8CA00D9B166 /* Products */,
			);
			sourceTree = "<group>";
		};
		4838F2EB197FB8CA00D9B166 /* Products */ = {
			isa = PBXGroup;
			children = (
				4838F2EA197FB8CA00D9B166 /* StopWatchGesturesDemo.app */,
				4838F2FC197FB8CA00D9B166 /* StopWatchGesturesDemoTests.xctest */,
			);
			name = Products;
			sourceTree = "<group>";
		};
		4838F2EC197FB8CA00D9B166 /* StopWatchGesturesDemo */ = {
			isa = PBXGroup;
			children = (
				4838F310197FB93800D9B166 /* Main.storyboard */,
				4838F30E197FB91400D9B166 /* SWViewController.swift */,
				4838F2EF197FB8CA00D9B166 /* AppDelegate.swift */,
				4838F2F6197FB8CA00D9B166 /* Images.xcassets */,
				4838F2ED197FB8CA00D9B166 /* Supporting Files */,
			);
			path = StopWatchGesturesDemo;
			sourceTree = "<group>";
		};
		4838F2ED197FB8CA00D9B166 /* Supporting Files */ = {
			isa = PBXGroup;
			children = (
				4838F2EE197FB8CA00D9B166 /* Info.plist */,
			);
			name = "Supporting Files";
			sourceTree = "<group>";
		};
		4838F2FF197FB8CA00D9B166 /* StopWatchGesturesDemoTests */ = {
			isa = PBXGroup;
			children = (
				4838F302197FB8CA00D9B166 /* StopWatchGesturesDemoTests.swift */,
				4838F300197FB8CA00D9B166 /* Supporting Files */,
			);
			path = StopWatchGesturesDemoTests;
			sourceTree = "<group>";
		};
		4838F300197FB8CA00D9B166 /* Supporting Files */ = {
			isa = PBXGroup;
			children = (
				4838F301197FB8CA00D9B166 /* Info.plist */,
			);
			name = "Supporting Files";
			sourceTree = "<group>";
		};
/* End PBXGroup section */

/* Begin PBXNativeTarget section */
		4838F2E9197FB8CA00D9B166 /* StopWatchGesturesDemo */ = {
			isa = PBXNativeTarget;
			buildConfigurationList = 4838F306197FB8CA00D9B166 /* Build configuration list for PBXNativeTarget "StopWatchGesturesDemo" */;
			buildPhases = (
				4838F2E6197FB8CA00D9B166 /* Sources */,
				4838F2E7197FB8CA00D9B166 /* Frameworks */,
				4838F2E8197FB8CA00D9B166 /* Resources */,
			);
			buildRules = (
			);
			dependencies = (
			);
			name = StopWatchGesturesDemo;
			productName = StopWatchGesturesDemo;
			productReference = 4838F2EA197FB8CA00D9B166 /* StopWatchGesturesDemo.app */;
			productType = "com.apple.product-type.application";
		};
		4838F2FB197FB8CA00D9B166 /* StopWatchGesturesDemoTests */ = {
			isa = PBXNativeTarget;
			buildConfigurationList = 4838F309197FB8CA00D9B166 /* Build configuration list for PBXNativeTarget "StopWatchGesturesDemoTests" */;
			buildPhases = (
				4838F2F8197FB8CA00D9B166 /* Sources */,
				4838F2F9197FB8CA00D9B166 /* Frameworks */,
				4838F2FA197FB8CA00D9B166 /* Resources */,
			);
			buildRules = (
			);
			dependencies = (
				4838F2FE197FB8CA00D9B166 /* PBXTargetDependency */,
			);
			name = StopWatchGesturesDemoTests;
			productName = StopWatchGesturesDemoTests;
			productReference = 4838F2FC197FB8CA00D9B166 /* StopWatchGesturesDemoTests.xctest */;
			productType = "com.apple.product-type.bundle.unit-test";
		};
/* End PBXNativeTarget section */

/* Begin PBXProject section */
		4838F2E2197FB8CA00D9B166 /* Project object */ = {
			isa = PBXProject;
			attributes = {
				LastUpgradeCheck = 0600;
				ORGANIZATIONNAME = "Ravi Shankar";
				TargetAttributes = {
					4838F2E9197FB8CA00D9B166 = {
						CreatedOnToolsVersion = 6.0;
					};
					4838F2FB197FB8CA00D9B166 = {
						CreatedOnToolsVersion = 6.0;
						TestTargetID = 4838F2E9197FB8CA00D9B166;
					};
				};
			};
			buildConfigurationList = 4838F2E5197FB8CA00D9B166 /* Build configuration list for PBXProject "StopWatchGesturesDemo" */;
			compatibilityVersion = "Xcode 3.2";
			developmentRegion = English;
			hasScannedForEncodings = 0;
			knownRegions = (
				en,
				Base,
			);
			mainGroup = 4838F2E1197FB8CA00D9B166;
			productRefGroup = 4838F2EB197FB8CA00D9B166 /* Products */;
			projectDirPath = "";
			projectRoot = "";
			targets = (
				4838F2E9197FB8CA00D9B166 /* StopWatchGesturesDemo */,
				4838F2FB197FB8CA00D9B166 /* StopWatchGesturesDemoTests */,
			);
		};
/* End PBXProject section */

/* Begin PBXResourcesBuildPhase section */
		4838F2E8197FB8CA00D9B166 /* Resources */ = {
			isa = PBXResourcesBuildPhase;
			buildActionMask = 2147483647;
			files = (
				4838F311197FB93800D9B166 /* Main.storyboard in Resources */,
				4838F2F7197FB8CA00D9B166 /* Images.xcassets in Resources */,
			);
			runOnlyForDeploymentPostprocessing = 0;
		};
		4838F2FA197FB8CA00D9B166 /* Resources */ = {
			isa = PBXResourcesBuildPhase;
			buildActionMask = 2147483647;
			files = (
			);
			runOnlyForDeploymentPostprocessing = 0;
		};
/* End PBXResourcesBuildPhase section */

/* Begin PBXSourcesBuildPhase section */
		4838F2E6197FB8CA00D9B166 /* Sources */ = {
			isa = PBXSourcesBuildPhase;
			buildActionMask = 2147483647;
			files = (
				4838F30F197FB91400D9B166 /* SWViewController.swift in Sources */,
				4838F2F0197FB8CA00D9B166 /* AppDelegate.swift in Sources */,
			);
			runOnlyForDeploymentPostprocessing = 0;
		};
		4838F2F8197FB8CA00D9B166 /* Sources */ = {
			isa = PBXSourcesBuildPhase;
			buildActionMask = 2147483647;
			files = (
				4838F303197FB8CA00D9B166 /* StopWatchGesturesDemoTests.swift in Sources */,
			);
			runOnlyForDeploymentPostprocessing = 0;
		};
/* End PBXSourcesBuildPhase section */

/* Begin PBXTargetDependency section */
		4838F2FE197FB8CA00D9B166 /* PBXTargetDependency */ = {
			isa = PBXTargetDependency;
			target = 4838F2E9197FB8CA00D9B166 /* StopWatchGesturesDemo */;
			targetProxy = 4838F2FD197FB8CA00D9B166 /* PBXContainerItemProxy */;
		};
/* End PBXTargetDependency section */

/* Begin XCBuildConfiguration section */
		4838F304197FB8CA00D9B166 /* Debug */ = {
			isa = XCBuildConfiguration;
			buildSettings = {
				ALWAYS_SEARCH_USER_PATHS = NO;
				CLANG_CXX_LANGUAGE_STANDARD = "gnu++0x";
				CLANG_CXX_LIBRARY = "libc++";
				CLANG_ENABLE_MODULES = YES;
				CLANG_ENABLE_OBJC_ARC = YES;
				CLANG_WARN_BOOL_CONVERSION = YES;
				CLANG_WARN_CONSTANT_CONVERSION = YES;
				CLANG_WARN_DIRECT_OBJC_ISA_USAGE = YES_ERROR;
				CLANG_WARN_EMPTY_BODY = YES;
				CLANG_WARN_ENUM_CONVERSION = YES;
				CLANG_WARN_INT_CONVERSION = YES;
				CLANG_WARN_OBJC_ROOT_CLASS = YES_ERROR;
				CLANG_WARN_UNREACHABLE_CODE = YES;
				CLANG_WARN__DUPLICATE_METHOD_MATCH = YES;
				"CODE_SIGN_IDENTITY[sdk=iphoneos*]" = "iPhone Developer";
				COPY_PHASE_STRIP = NO;
				ENABLE_STRICT_OBJC_MSGSEND = YES;
				GCC_C_LANGUAGE_STANDARD = gnu99;
				GCC_DYNAMIC_NO_PIC = NO;
				GCC_OPTIMIZATION_LEVEL = 0;
				GCC_PREPROCESSOR_DEFINITIONS = (
					"DEBUG=1",
					"$(inherited)",
				);
				GCC_SYMBOLS_PRIVATE_EXTERN = NO;
				GCC_WARN_64_TO_32_BIT_CONVERSION = YES;
				GCC_WARN_ABOUT_RETURN_TYPE = YES_ERROR;
				GCC_WARN_UNDECLARED_SELECTOR = YES;
				GCC_WARN_UNINITIALIZED_AUTOS = YES_AGGRESSIVE;
				GCC_WARN_UNUSED_FUNCTION = YES;
				GCC_WARN_UNUSED_VARIABLE = YES;
				IPHONEOS_DEPLOYMENT_TARGET = 8.0;
				MTL_ENABLE_DEBUG_INFO = YES;
				ONLY_ACTIVE_ARCH = YES;
				SDKROOT = iphoneos;
				SWIFT_OPTIMIZATION_LEVEL = "-Onone";
			};
			name = Debug;
		};
		4838F305197FB8CA00D9B166 /* Release */ = {
			isa = XCBuildConfiguration;
			buildSettings = {
				ALWAYS_SEARCH_USER_PATHS = NO;
				CLANG_CXX_LANGUAGE_STANDARD = "gnu++0x";
				CLANG_CXX_LIBRARY = "libc++";
				CLANG_ENABLE_MODULES = YES;
				CLANG_ENABLE_OBJC_ARC = YES;
				CLANG_WARN_BOOL_CONVERSION = YES;
				CLANG_WARN_CONSTANT_CONVERSION = YES;
				CLANG_WARN_DIRECT_OBJC_ISA_USAGE = YES_ERROR;
				CLANG_WARN_EMPTY_BODY = YES;
				CLANG_WARN_ENUM_CONVERSION = YES;
				CLANG_WARN_INT_CONVERSION = YES;
				CLANG_WARN_OBJC_ROOT_CLASS = YES_ERROR;
				CLANG_WARN_UNREACHABLE_CODE = YES;
				CLANG_WARN__DUPLICATE_METHOD_MATCH = YES;
				"CODE_SIGN_IDENTITY[sdk=iphoneos*]" = "iPhone Developer";
				COPY_PHASE_STRIP = YES;
				ENABLE_NS_ASSERTIONS = NO;
				ENABLE_STRICT_OBJC_MSGSEND = YES;
				GCC_C_LANGUAGE_STANDARD = gnu99;
				GCC_WARN_64_TO_32_BIT_CONVERSION = YES;
				GCC_WARN_ABOUT_RETURN_TYPE = YES_ERROR;
				GCC_WARN_UNDECLARED_SELECTOR = YES;
				GCC_WARN_UNINITIALIZED_AUTOS = YES_AGGRESSIVE;
				GCC_WARN_UNUSED_FUNCTION = YES;
				GCC_WARN_UNUSED_VARIABLE = YES;
				IPHONEOS_DEPLOYMENT_TARGET = 8.0;
				MTL_ENABLE_DEBUG_INFO = NO;
				SDKROOT = iphoneos;
				VALIDATE_PRODUCT = YES;
			};
			name = Release;
		};
		4838F307197FB8CA00D9B166 /* Debug */ = {
			isa = XCBuildConfiguration;
			buildSettings = {
				ASSETCATALOG_COMPILER_APPICON_NAME = AppIcon;
				ASSETCATALOG_COMPILER_LAUNCHIMAGE_NAME = LaunchImage;
				INFOPLIST_FILE = StopWatchGesturesDemo/Info.plist;
				LD_RUNPATH_SEARCH_PATHS = "$(inherited) @executable_path/Frameworks";
				PRODUCT_NAME = "$(TARGET_NAME)";
			};
			name = Debug;
		};
		4838F308197FB8CA00D9B166 /* Release */ = {
			isa = XCBuildConfiguration;
			buildSettings = {
				ASSETCATALOG_COMPILER_APPICON_NAME = AppIcon;
				ASSETCATALOG_COMPILER_LAUNCHIMAGE_NAME = LaunchImage;
				INFOPLIST_FILE = StopWatchGesturesDemo/Info.plist;
				LD_RUNPATH_SEARCH_PATHS = "$(inherited) @executable_path/Frameworks";
				PRODUCT_NAME = "$(TARGET_NAME)";
			};
			name = Release;
		};
		4838F30A197FB8CA00D9B166 /* Debug */ = {
			isa = XCBuildConfiguration;
			buildSettings = {
				BUNDLE_LOADER = "$(BUILT_PRODUCTS_DIR)/StopWatchGesturesDemo.app/StopWatchGesturesDemo";
				FRAMEWORK_SEARCH_PATHS = (
					"$(SDKROOT)/Developer/Library/Frameworks",
					"$(inherited)",
				);
				GCC_PREPROCESSOR_DEFINITIONS = (
					"DEBUG=1",
					"$(inherited)",
				);
				INFOPLIST_FILE = StopWatchGesturesDemoTests/Info.plist;
				LD_RUNPATH_SEARCH_PATHS = "$(inherited) @executable_path/Frameworks @loader_path/Frameworks";
				PRODUCT_NAME = "$(TARGET_NAME)";
				TEST_HOST = "$(BUNDLE_LOADER)";
			};
			name = Debug;
		};
		4838F30B197FB8CA00D9B166 /* Release */ = {
			isa = XCBuildConfiguration;
			buildSettings = {
				BUNDLE_LOADER = "$(BUILT_PRODUCTS_DIR)/StopWatchGesturesDemo.app/StopWatchGesturesDemo";
				FRAMEWORK_SEARCH_PATHS = (
					"$(SDKROOT)/Developer/Library/Frameworks",
					"$(inherited)",
				);
				INFOPLIST_FILE = StopWatchGesturesDemoTests/Info.plist;
				LD_RUNPATH_SEARCH_PATHS = "$(inherited) @executable_path/Frameworks @loader_path/Frameworks";
				PRODUCT_NAME = "$(TARGET_NAME)";
				TEST_HOST = "$(BUNDLE_LOADER)";
			};
			name = Release;
		};
/* End XCBuildConfiguration section */

/* Begin XCConfigurationList section */
		4838F2E5197FB8CA00D9B166 /* Build configuration list for PBXProject "StopWatchGesturesDemo" */ = {
			isa = XCConfigurationList;
			buildConfigurations = (
				4838F304197FB8CA00D9B166 /* Debug */,
				4838F305197FB8CA00D9B166 /* Release */,
			);
			defaultConfigurationIsVisible = 0;
			defaultConfigurationName = Release;
		};
		4838F306197FB8CA00D9B166 /* Build configuration list for PBXNativeTarget "StopWatchGesturesDemo" */ = {
			isa = XCConfigurationList;
			buildConfigurations = (
				4838F307197FB8CA00D9B166 /* Debug */,
				4838F308197FB8CA00D9B166 /* Release */,
			);
			defaultConfigurationIsVisible = 0;
		};
		4838F309197FB8CA00D9B166 /* Build configuration list for PBXNativeTarget "StopWatchGesturesDemoTests" */ = {
			isa = XCConfigurationList;
			buildConfigurations = (
				4838F30A197FB8CA00D9B166 /* Debug */,
				4838F30B197FB8CA00D9B166 /* Release */,
			);
			defaultConfigurationIsVisible = 0;
		};
/* End XCConfigurationList section */
	};
	rootObject = 4838F2E2197FB8CA00D9B166 /* Project object */;
}
